{
    "_readme": [
        "This file locks the dependencies of your project to a known state",
        "Read more about it at https://getcomposer.org/doc/01-basic-usage.md#installing-dependencies",
        "This file is @generated automatically"
    ],
    "content-hash": "b2df60dbb511da29e4fffc15d490bf3f",
    "packages": [
        {
            "name": "airbrake/phpbrake",
            "version": "v0.2.4",
            "source": {
                "type": "git",
                "url": "https://github.com/airbrake/phpbrake.git",
                "reference": "956d48377859eeedae5fa486844907c0b68ee236"
            },
            "dist": {
                "type": "zip",
                "url": "https://api.github.com/repos/airbrake/phpbrake/zipball/956d48377859eeedae5fa486844907c0b68ee236",
                "reference": "956d48377859eeedae5fa486844907c0b68ee236",
                "shasum": ""
            },
            "require": {
                "php": ">=5.4"
            },
            "require-dev": {
                "guzzlehttp/guzzle": "^6.2",
                "monolog/monolog": "^1.16.0",
                "phpunit/phpunit": "^4.8.0",
                "squizlabs/php_codesniffer": "^2.5.1"
            },
            "suggest": {
                "guzzlehttp/guzzle": "Allows for implementation of the Guzzle HTTP client"
            },
            "type": "library",
            "extra": {
                "branch-alias": {
                    "dev-master": "1.0-dev"
                }
            },
            "autoload": {
                "psr-4": {
                    "Airbrake\\": "src/"
                }
            },
            "notification-url": "https://packagist.org/downloads/",
            "license": [
                "MIT"
            ],
            "description": "Airbrake exception and error notifier for PHP",
            "homepage": "https://airbrake.io",
            "keywords": [
                "airbrake",
                "error",
                "exception",
                "logging",
                "notifier"
            ],
            "time": "2017-05-11T13:59:57+00:00"
        },
        {
            "name": "catlabinteractive/dolumar-engine",
            "version": "v1.0.5",
            "source": {
                "type": "git",
                "url": "https://github.com/CatLabInteractive/dolumar-engine.git",
                "reference": "7b43ceb1df321c19434d2033fb259d00b9fecf4f"
            },
            "dist": {
                "type": "zip",
                "url": "https://api.github.com/repos/CatLabInteractive/dolumar-engine/zipball/7b43ceb1df321c19434d2033fb259d00b9fecf4f",
                "reference": "7b43ceb1df321c19434d2033fb259d00b9fecf4f",
                "shasum": ""
            },
            "require": {
                "ext-bcmath": "*",
                "ext-gd": "*",
                "ext-mbstring": "*",
                "ext-memcached": "*",
                "openid/php-openid": "dev-master",
                "pear-pear.php.net/mdb2": "2.5.0-beta5 as 2.5.0",
                "pear-pear.php.net/mdb2_driver_mysqli": "1.5.0-beta4",
                "phpmailer/phpmailer": "~5.2"
            },
            "type": "library",
            "autoload": {
                "classmap": [
                    "src"
                ]
            },
            "license": [
                "GPL-3.0"
            ],
            "support": {
                "source": "https://github.com/CatLabInteractive/dolumar-engine/tree/v1.0.5",
                "issues": "https://github.com/CatLabInteractive/dolumar-engine/issues"
            },
            "time": "2019-01-31T22:11:19+00:00"
        },
        {
            "name": "openid/php-openid",
            "version": "dev-master",
            "source": {
                "type": "git",
                "url": "https://github.com/CatLabInteractive/php-openid.git",
                "reference": "6f049ea2033d81484a92b59b7725b0b9808ef416"
            },
            "dist": {
                "type": "zip",
                "url": "https://api.github.com/repos/CatLabInteractive/php-openid/zipball/6f049ea2033d81484a92b59b7725b0b9808ef416",
                "reference": "6f049ea2033d81484a92b59b7725b0b9808ef416",
                "shasum": ""
            },
            "require": {
                "ext-bcmath": "*",
                "ext-curl": "*",
                "ext-dom": "*",
                "php": ">=4.3"
            },
            "type": "library",
            "autoload": {
                "classmap": [
                    "Auth"
                ]
            },
            "include-path": [
                "."
            ],
            "license": [
                "Apache-2.0"
            ],
            "authors": [
                {
                    "name": "JanRain Inc.",
                    "homepage": "http://www.openidenabled.com"
                }
            ],
            "description": "OpenID library for PHP5",
            "homepage": "http://github.com/openid/php-openid",
            "keywords": [
                "auth",
                "authentication",
                "openid",
                "yadis"
            ],
            "support": {
                "source": "https://github.com/CatLabInteractive/php-openid/tree/master"
            },
            "time": "2015-08-03T10:42:27+00:00"
        },
        {
            "name": "pear-pear.php.net/Archive_Tar",
            "version": "1.4.3",
            "dist": {
                "type": "file",
                "url": "https://pear.php.net/get/Archive_Tar-1.4.3.tgz",
                "reference": null,
                "shasum": null
            },
            "require": {
                "php": ">=5.2.0.0"
            },
            "replace": {
                "pear-pear/archive_tar": "== 1.4.3.0"
            },
            "type": "pear-library",
            "autoload": {
                "classmap": [
                    ""
                ]
            },
            "include-path": [
                "/"
            ],
            "license": [
                "New BSD License"
            ],
            "description": "This class provides handling of tar files in PHP.\nIt supports creating, listing, extracting and adding to tar files.\nGzip support is available if PHP has the zlib extension built-in or\nloaded. Bz2 compression is also supported with the bz2 extension loaded."
        },
        {
            "name": "pear-pear.php.net/Console_Getopt",
            "version": "1.4.1",
            "dist": {
                "type": "file",
                "url": "https://pear.php.net/get/Console_Getopt-1.4.1.tgz",
                "reference": null,
                "shasum": null
            },
            "require": {
                "php": ">=5.4.0.0"
            },
            "replace": {
                "pear-pear/console_getopt": "== 1.4.1.0"
            },
            "type": "pear-library",
            "autoload": {
                "classmap": [
                    ""
                ]
            },
            "include-path": [
                "/"
            ],
            "license": [
                "BSD-2-Clause"
            ],
            "description": "This is a PHP implementation of &quot;getopt&quot; supporting both\nshort and long options."
        },
        {
            "name": "pear-pear.php.net/MDB2",
            "version": "2.5.0b5",
            "dist": {
                "type": "file",
                "url": "https://pear.php.net/get/MDB2-2.5.0b5.tgz",
                "reference": null,
                "shasum": null
            },
            "require": {
                "pear-pear.php.net/pear": ">=1.3.6.0",
                "php": ">=5.2.0.0"
            },
            "replace": {
                "pear-pear/mdb2": "== 2.5.0.0-beta5"
            },
            "suggest": {
                "fbsql-pear-pear.php.net/MDB2_Driver_fbsql": ">=0.3.0.0",
                "ibase-pear-pear.php.net/MDB2_Driver_ibase": ">=1.5.0.0",
                "mssql-pear-pear.php.net/MDB2_Driver_mssql": ">=1.5.0.0",
                "mysql-pear-pear.php.net/MDB2_Driver_mysql": ">=1.5.0.0",
                "mysqli-pear-pear.php.net/MDB2_Driver_mysqli": ">=1.5.0.0",
                "oci8-pear-pear.php.net/MDB2_Driver_oci8": ">=1.5.0.0",
                "odbc-pear-pear.php.net/MDB2_Driver_odbc": ">=0.2.0.0",
                "pgsql-pear-pear.php.net/MDB2_Driver_pgsql": ">=1.5.0.0",
                "querysim-pear-pear.php.net/MDB2_Driver_querysim": ">=0.7.0.0",
                "sqlite-pear-pear.php.net/MDB2_Driver_sqlite": ">=1.5.0.0",
                "sqlsrv-pear-pear.php.net/MDB2_Driver_sqlsrv": ">=1.5.0.0"
            },
            "type": "pear-library",
            "autoload": {
                "classmap": [
                    ""
                ]
            },
            "include-path": [
                "/"
            ],
            "license": [
                "BSD License"
            ],
            "description": "PEAR MDB2 is a merge of the PEAR DB and Metabase php database abstraction layers.\n\nIt provides a common API for all supported RDBMS. The main difference to most\nother DB abstraction packages is that MDB2 goes much further to ensure\nportability. MDB2 provides most of its many features optionally that\ncan be used to construct portable SQL statements:\n* Object-Oriented API\n* A DSN (data source name) or array format for specifying database servers\n* Datatype abstraction and on demand datatype conversion\n* Various optional fetch modes to fix portability issues\n* Portable error codes\n* Sequential and non sequential row fetching as well as bulk fetching\n* Ability to make buffered and unbuffered queries\n* Ordered array and associative array for the fetched rows\n* Prepare/execute (bind) named and unnamed placeholder emulation\n* Sequence/autoincrement emulation\n* Replace emulation\n* Limited sub select emulation\n* Row limit emulation\n* Transactions/savepoint support\n* Large Object support\n* Index/Unique Key/Primary Key support\n* Pattern matching abstraction\n* Module framework to load advanced functionality on demand\n* Ability to read the information schema\n* RDBMS management methods (creating, dropping, altering)\n* Reverse engineering schemas from an existing database\n* SQL function call abstraction\n* Full integration into the PEAR Framework\n* PHPDoc API documentation"
        },
        {
            "name": "pear-pear.php.net/MDB2_Driver_mysqli",
            "version": "1.5.0b4",
            "dist": {
                "type": "file",
                "url": "https://pear.php.net/get/MDB2_Driver_mysqli-1.5.0b4.tgz",
                "reference": null,
                "shasum": null
            },
            "require": {
                "ext-mysqli": "*",
                "pear-pear.php.net/mdb2": ">=2.5.0.0",
                "php": ">=5.2.0.0"
            },
            "replace": {
                "pear-pear/mdb2_driver_mysqli": "== 1.5.0.0-beta4"
            },
            "type": "pear-library",
            "autoload": {
                "classmap": [
                    ""
                ]
            },
            "include-path": [
                "/"
            ],
            "license": [
                "BSD License"
            ],
            "description": "This is the MySQLi MDB2 driver."
        },
        {
            "name": "pear-pear.php.net/PEAR",
            "version": "1.10.5",
            "dist": {
                "type": "file",
                "url": "https://pear.php.net/get/PEAR-1.10.5.tgz",
                "reference": null,
                "shasum": null
            },
            "require": {
                "ext-pcre": "*",
                "ext-xml": "*",
                "pear-pear.php.net/archive_tar": ">=1.4.0.0",
                "pear-pear.php.net/console_getopt": ">=1.4.1.0",
                "pear-pear.php.net/structures_graph": ">=1.1.0.0",
                "pear-pear.php.net/xml_util": ">=1.3.0.0",
                "php": ">=5.4.0.0"
            },
            "conflict": {
                "pear-pear.php.net/pear_frontend_gtk": "<0.4.0.0",
                "pear-pear.php.net/pear_frontend_web": "<=0.4.0.0"
            },
            "replace": {
                "pear-pear/pear": "== 1.10.5.0"
            },
            "type": "pear-library",
            "autoload": {
                "classmap": [
                    ""
                ]
            },
            "include-path": [
                "/"
            ],
            "license": [
                "New BSD License"
            ],
            "description": "The PEAR package contains:\n * the PEAR installer, for creating, distributing\n   and installing packages\n * the PEAR_Exception PHP5 error handling mechanism\n * the PEAR_ErrorStack advanced error handling mechanism\n * the PEAR_Error error handling mechanism\n * the OS_Guess class for retrieving info about the OS\n   where PHP is running on\n * the System class for quick handling of common operations\n   with files and directories\n * the PEAR base class\n  Features in a nutshell:\n  * full support for channels\n  * pre-download dependency validation\n  * new package.xml 2.0 format allows tremendous flexibility while maintaining BC\n  * support for optional dependency groups and limited support for sub-packaging\n  * robust dependency support\n  * full dependency validation on uninstall\n  * remote install for hosts with only ftp access - no more problems with\n    restricted host installation\n  * full support for mirroring\n  * support for bundling several packages into a single tarball\n  * support for static dependencies on a url-based package\n  * support for custom file roles and installation tasks"
        },
        {
            "name": "pear-pear.php.net/Structures_Graph",
            "version": "1.1.1",
            "dist": {
                "type": "file",
                "url": "https://pear.php.net/get/Structures_Graph-1.1.1.tgz",
                "reference": null,
                "shasum": null
            },
            "require": {
                "php": ">=5.3.0.0"
            },
            "replace": {
                "pear-pear/structures_graph": "== 1.1.1.0"
            },
            "type": "pear-library",
            "autoload": {
                "classmap": [
                    ""
                ]
            },
            "include-path": [
                "/"
            ],
            "license": [
                "LGPL-3.0+"
            ],
            "description": "Structures_Graph is a package for creating and manipulating graph datastructures. It allows building of directed\nand undirected graphs, with data and metadata stored in nodes. The library provides functions for graph traversing\nas well as for characteristic extraction from the graph topology."
        },
        {
            "name": "pear-pear.php.net/XML_Util",
            "version": "1.4.3",
            "dist": {
                "type": "file",
                "url": "https://pear.php.net/get/XML_Util-1.4.3.tgz",
                "reference": null,
                "shasum": null
            },
            "require": {
                "ext-pcre": "*",
                "php": ">=5.4.0.0"
            },
            "replace": {
                "pear-pear/xml_util": "== 1.4.3.0"
            },
            "type": "pear-library",
            "autoload": {
                "classmap": [
                    ""
                ]
            },
            "include-path": [
                "/"
            ],
            "license": [
                "BSD License"
            ],
            "description": "Selection of methods that are often needed when working with XML documents.  Functionality includes creating of attribute lists from arrays, creation of tags, validation of XML names and more."
        },
        {
            "name": "phpmailer/phpmailer",
            "version": "v5.2.27",
            "source": {
                "type": "git",
                "url": "https://github.com/PHPMailer/PHPMailer.git",
                "reference": "dde1db116511aa4956389d75546c5be4c2beb2a6"
            },
            "dist": {
                "type": "zip",
                "url": "https://api.github.com/repos/PHPMailer/PHPMailer/zipball/dde1db116511aa4956389d75546c5be4c2beb2a6",
                "reference": "dde1db116511aa4956389d75546c5be4c2beb2a6",
                "shasum": ""
            },
            "require": {
                "ext-ctype": "*",
                "php": ">=5.0.0"
            },
            "require-dev": {
                "doctrine/annotations": "1.2.*",
                "jms/serializer": "0.16.*",
                "phpdocumentor/phpdocumentor": "2.*",
                "phpunit/phpunit": "4.8.*",
                "symfony/debug": "2.8.*",
                "symfony/filesystem": "2.8.*",
                "symfony/translation": "2.8.*",
                "symfony/yaml": "2.8.*",
                "zendframework/zend-cache": "2.5.1",
                "zendframework/zend-config": "2.5.1",
                "zendframework/zend-eventmanager": "2.5.1",
                "zendframework/zend-filter": "2.5.1",
                "zendframework/zend-i18n": "2.5.1",
                "zendframework/zend-json": "2.5.1",
                "zendframework/zend-math": "2.5.1",
                "zendframework/zend-serializer": "2.5.*",
                "zendframework/zend-servicemanager": "2.5.*",
                "zendframework/zend-stdlib": "2.5.1"
            },
            "suggest": {
                "league/oauth2-google": "Needed for Google XOAUTH2 authentication"
            },
            "type": "library",
            "autoload": {
                "classmap": [
                    "class.phpmailer.php",
                    "class.phpmaileroauth.php",
                    "class.phpmaileroauthgoogle.php",
                    "class.smtp.php",
                    "class.pop3.php",
                    "extras/EasyPeasyICS.php",
                    "extras/ntlm_sasl_client.php"
                ]
            },
            "notification-url": "https://packagist.org/downloads/",
            "license": [
                "LGPL-2.1"
            ],
            "authors": [
                {
                    "name": "Jim Jagielski",
                    "email": "jimjag@gmail.com"
                },
                {
                    "name": "Marcus Bointon",
                    "email": "phpmailer@synchromedia.co.uk"
                },
                {
                    "name": "Andy Prevost",
                    "email": "codeworxtech@users.sourceforge.net"
                },
                {
                    "name": "Brent R. Matzelle"
                }
            ],
            "description": "PHPMailer is a full-featured email creation and transfer class for PHP",
            "time": "2018-11-15T22:32:31+00:00"
        },
        {
            "name": "symfony/polyfill-ctype",
            "version": "v1.10.0",
            "source": {
                "type": "git",
                "url": "https://github.com/symfony/polyfill-ctype.git",
                "reference": "e3d826245268269cd66f8326bd8bc066687b4a19"
            },
            "dist": {
                "type": "zip",
                "url": "https://api.github.com/repos/symfony/polyfill-ctype/zipball/e3d826245268269cd66f8326bd8bc066687b4a19",
                "reference": "e3d826245268269cd66f8326bd8bc066687b4a19",
                "shasum": ""
            },
            "require": {
                "php": ">=5.3.3"
            },
            "suggest": {
                "ext-ctype": "For best performance"
            },
            "type": "library",
            "extra": {
                "branch-alias": {
                    "dev-master": "1.9-dev"
                }
            },
            "autoload": {
                "psr-4": {
                    "Symfony\\Polyfill\\Ctype\\": ""
                },
                "files": [
                    "bootstrap.php"
                ]
            },
            "notification-url": "https://packagist.org/downloads/",
            "license": [
                "MIT"
            ],
            "authors": [
                {
                    "name": "Symfony Community",
                    "homepage": "https://symfony.com/contributors"
                },
                {
                    "name": "Gert de Pagter",
                    "email": "backendtea@gmail.com"
                }
            ],
            "description": "Symfony polyfill for ctype functions",
            "homepage": "https://symfony.com",
            "keywords": [
                "compatibility",
                "ctype",
                "polyfill",
                "portable"
            ],
            "time": "2018-08-06T14:22:27+00:00"
        },
        {
            "name": "vlucas/phpdotenv",
            "version": "v2.6.1",
            "source": {
                "type": "git",
                "url": "https://github.com/vlucas/phpdotenv.git",
                "reference": "2a7dcf7e3e02dc5e701004e51a6f304b713107d5"
            },
            "dist": {
                "type": "zip",
                "url": "https://api.github.com/repos/vlucas/phpdotenv/zipball/2a7dcf7e3e02dc5e701004e51a6f304b713107d5",
                "reference": "2a7dcf7e3e02dc5e701004e51a6f304b713107d5",
                "shasum": ""
            },
            "require": {
                "php": ">=5.3.9",
                "symfony/polyfill-ctype": "^1.9"
            },
            "require-dev": {
                "phpunit/phpunit": "^4.8.35 || ^5.0"
            },
            "type": "library",
            "extra": {
                "branch-alias": {
                    "dev-master": "2.6-dev"
                }
            },
            "autoload": {
                "psr-4": {
                    "Dotenv\\": "src/"
                }
            },
            "notification-url": "https://packagist.org/downloads/",
            "license": [
                "BSD-3-Clause"
            ],
            "authors": [
                {
                    "name": "Vance Lucas",
                    "email": "vance@vancelucas.com",
                    "homepage": "http://www.vancelucas.com"
                }
            ],
            "description": "Loads environment variables from `.env` to `getenv()`, `$_ENV` and `$_SERVER` automagically.",
            "keywords": [
                "dotenv",
                "env",
                "environment"
            ],
            "time": "2019-01-29T11:11:52+00:00"
        }
    ],
    "packages-dev": [
        {
            "name": "doctrine/annotations",
            "version": "v1.6.0",
            "source": {
                "type": "git",
                "url": "https://github.com/doctrine/annotations.git",
                "reference": "c7f2050c68a9ab0bdb0f98567ec08d80ea7d24d5"
            },
            "dist": {
                "type": "zip",
                "url": "https://api.github.com/repos/doctrine/annotations/zipball/c7f2050c68a9ab0bdb0f98567ec08d80ea7d24d5",
                "reference": "c7f2050c68a9ab0bdb0f98567ec08d80ea7d24d5",
                "shasum": ""
            },
            "require": {
                "doctrine/lexer": "1.*",
                "php": "^7.1"
            },
            "require-dev": {
                "doctrine/cache": "1.*",
                "phpunit/phpunit": "^6.4"
            },
            "type": "library",
            "extra": {
                "branch-alias": {
                    "dev-master": "1.6.x-dev"
                }
            },
            "autoload": {
                "psr-4": {
                    "Doctrine\\Common\\Annotations\\": "lib/Doctrine/Common/Annotations"
                }
            },
            "notification-url": "https://packagist.org/downloads/",
            "license": [
                "MIT"
            ],
            "authors": [
                {
                    "name": "Roman Borschel",
                    "email": "roman@code-factory.org"
                },
                {
                    "name": "Benjamin Eberlei",
                    "email": "kontakt@beberlei.de"
                },
                {
                    "name": "Guilherme Blanco",
                    "email": "guilhermeblanco@gmail.com"
                },
                {
                    "name": "Jonathan Wage",
                    "email": "jonwage@gmail.com"
                },
                {
                    "name": "Johannes Schmitt",
                    "email": "schmittjoh@gmail.com"
                }
            ],
            "description": "Docblock Annotations Parser",
            "homepage": "http://www.doctrine-project.org",
            "keywords": [
                "annotations",
                "docblock",
                "parser"
            ],
            "time": "2017-12-06T07:11:42+00:00"
        },
        {
            "name": "doctrine/lexer",
            "version": "v1.0.1",
            "source": {
                "type": "git",
                "url": "https://github.com/doctrine/lexer.git",
                "reference": "83893c552fd2045dd78aef794c31e694c37c0b8c"
            },
            "dist": {
                "type": "zip",
                "url": "https://api.github.com/repos/doctrine/lexer/zipball/83893c552fd2045dd78aef794c31e694c37c0b8c",
                "reference": "83893c552fd2045dd78aef794c31e694c37c0b8c",
                "shasum": ""
            },
            "require": {
                "php": ">=5.3.2"
            },
            "type": "library",
            "extra": {
                "branch-alias": {
                    "dev-master": "1.0.x-dev"
                }
            },
            "autoload": {
                "psr-0": {
                    "Doctrine\\Common\\Lexer\\": "lib/"
                }
            },
            "notification-url": "https://packagist.org/downloads/",
            "license": [
                "MIT"
            ],
            "authors": [
                {
                    "name": "Roman Borschel",
                    "email": "roman@code-factory.org"
                },
                {
                    "name": "Guilherme Blanco",
                    "email": "guilhermeblanco@gmail.com"
                },
                {
                    "name": "Johannes Schmitt",
                    "email": "schmittjoh@gmail.com"
                }
            ],
            "description": "Base library for a lexer that can be used in Top-Down, Recursive Descent Parsers.",
            "homepage": "http://www.doctrine-project.org",
            "keywords": [
                "lexer",
                "parser"
            ],
            "time": "2014-09-09T13:34:57+00:00"
        },
        {
            "name": "symfony/finder",
            "version": "v4.2.2",
            "source": {
                "type": "git",
                "url": "https://github.com/symfony/finder.git",
                "reference": "9094d69e8c6ee3fe186a0ec5a4f1401e506071ce"
            },
            "dist": {
                "type": "zip",
                "url": "https://api.github.com/repos/symfony/finder/zipball/9094d69e8c6ee3fe186a0ec5a4f1401e506071ce",
                "reference": "9094d69e8c6ee3fe186a0ec5a4f1401e506071ce",
                "shasum": ""
            },
            "require": {
                "php": "^7.1.3"
            },
            "type": "library",
            "extra": {
                "branch-alias": {
                    "dev-master": "4.2-dev"
                }
            },
            "autoload": {
                "psr-4": {
                    "Symfony\\Component\\Finder\\": ""
                },
                "exclude-from-classmap": [
                    "/Tests/"
                ]
            },
            "notification-url": "https://packagist.org/downloads/",
            "license": [
                "MIT"
            ],
            "authors": [
                {
                    "name": "Fabien Potencier",
                    "email": "fabien@symfony.com"
                },
                {
                    "name": "Symfony Community",
                    "homepage": "https://symfony.com/contributors"
                }
            ],
            "description": "Symfony Finder Component",
            "homepage": "https://symfony.com",
            "time": "2019-01-03T09:07:35+00:00"
        },
        {
            "name": "symfony/yaml",
            "version": "v4.2.2",
            "source": {
                "type": "git",
                "url": "https://github.com/symfony/yaml.git",
                "reference": "d0aa6c0ea484087927b49fd513383a7d36190ca6"
            },
            "dist": {
                "type": "zip",
                "url": "https://api.github.com/repos/symfony/yaml/zipball/d0aa6c0ea484087927b49fd513383a7d36190ca6",
                "reference": "d0aa6c0ea484087927b49fd513383a7d36190ca6",
                "shasum": ""
            },
            "require": {
                "php": "^7.1.3",
                "symfony/polyfill-ctype": "~1.8"
            },
            "conflict": {
                "symfony/console": "<3.4"
            },
            "require-dev": {
                "symfony/console": "~3.4|~4.0"
            },
            "suggest": {
                "symfony/console": "For validating YAML files using the lint command"
            },
            "type": "library",
            "extra": {
                "branch-alias": {
                    "dev-master": "4.2-dev"
                }
            },
            "autoload": {
                "psr-4": {
                    "Symfony\\Component\\Yaml\\": ""
                },
                "exclude-from-classmap": [
                    "/Tests/"
                ]
            },
            "notification-url": "https://packagist.org/downloads/",
            "license": [
                "MIT"
            ],
            "authors": [
                {
                    "name": "Fabien Potencier",
                    "email": "fabien@symfony.com"
                },
                {
                    "name": "Symfony Community",
                    "homepage": "https://symfony.com/contributors"
                }
            ],
            "description": "Symfony Yaml Component",
            "homepage": "https://symfony.com",
            "time": "2019-01-03T09:07:35+00:00"
        },
        {
            "name": "zircote/swagger-php",
            "version": "3.0.2",
            "source": {
                "type": "git",
                "url": "https://github.com/zircote/swagger-php.git",
                "reference": "f10ab7f81d89dba97653a980cc90cf4b7b73f543"
            },
            "dist": {
                "type": "zip",
                "url": "https://api.github.com/repos/zircote/swagger-php/zipball/f10ab7f81d89dba97653a980cc90cf4b7b73f543",
                "reference": "f10ab7f81d89dba97653a980cc90cf4b7b73f543",
                "shasum": ""
            },
            "require": {
                "doctrine/annotations": "*",
                "php": ">=7.0",
                "symfony/finder": ">=2.2",
                "symfony/yaml": ">=3.3"
            },
            "require-dev": {
                "phpunit/phpunit": ">=6.3",
                "squizlabs/php_codesniffer": ">=3.3",
                "zendframework/zend-form": "<2.8"
            },
            "bin": [
                "bin/openapi"
            ],
            "type": "library",
            "autoload": {
                "psr-4": {
                    "OpenApi\\": "src"
                },
                "files": [
                    "src/functions.php"
                ]
            },
            "notification-url": "https://packagist.org/downloads/",
            "license": [
                "Apache-2.0"
            ],
            "authors": [
                {
                    "name": "Robert Allen",
                    "email": "zircote@gmail.com",
                    "homepage": "http://www.zircote.com"
                },
                {
                    "name": "Bob Fanger",
                    "email": "bfanger@gmail.com",
                    "homepage": "http://bfanger.nl"
                }
            ],
            "description": "swagger-php - Generate interactive documentation for your RESTful API using phpdoc annotations",
            "homepage": "https://github.com/zircote/swagger-php/",
            "keywords": [
                "api",
                "json",
                "rest",
                "service discovery"
            ],
            "time": "2018-11-16T15:04:29+00:00"
        }
    ],
    "aliases": [
        {
            "alias": "2.5.0",
            "alias_normalized": "2.5.0.0",
            "version": "2.5.0.0-beta5",
            "package": "pear-pear/mdb2"
        }
    ],
    "minimum-stability": "stable",
    "stability-flags": {
        "openid/php-openid": 20,
        "pear-pear/mdb2_driver_mysqli": 10,
        "pear-pear/mdb2": 10
    },
    "prefer-stable": true,
    "prefer-lowest": false,
    "platform": [],
    "platform-dev": []
}
